
Microsoft Visual Studio Solution File, Format Version 12.00
# Visual Studio Version 16
VisualStudioVersion = 16.0.29728.190
MinimumVisualStudioVersion = 10.0.40219.1
Project("{FAE04EC0-301F-11D3-BF4B-00C04F79EFBC}") = "6", "6\6.csproj", "{9C80C2C6-2530-41DC-8E4C-E666CCF2F589}"
EndProject
Global
	GlobalSection(SolutionConfigurationPlatforms) = preSolution
		Debug|Any CPU = Debug|Any CPU
		Release|Any CPU = Release|Any CPU
	EndGlobalSection
	GlobalSection(ProjectConfigurationPlatforms) = postSolution
		{9C80C2C6-2530-41DC-8E4C-E666CCF2F589}.Debug|Any CPU.ActiveCfg = Debug|Any CPU
		{9C80C2C6-2530-41DC-8E4C-E666CCF2F589}.Debug|Any CPU.Build.0 = Debug|Any CPU
		{9C80C2C6-2530-41DC-8E4C-E666CCF2F589}.Release|Any CPU.ActiveCfg = Release|Any CPU
		{9C80C2C6-2530-41DC-8E4C-E666CCF2F589}.Release|Any CPU.Build.0 = Release|Any CPU
	EndGlobalSection
	GlobalSection(SolutionProperties) = preSolution
		HideSolutionNode = FALSE
	EndGlobalSection
	GlobalSection(ExtensibilityGlobals) = postSolution
		SolutionGuid = {D9CA1253-9FE9-473C-947E-942819F72D92}
	EndGlobalSection
EndGlobal
